// !$*UTF8*$!
{
	archiveVersion = 1;
	classes = {
	};
	objectVersion = 77;
	objects = {

/* Begin PBXContainerItemProxy section */
		C06C3AA92DB526FC00506064 /* PBXContainerItemProxy */ = {
			isa = PBXContainerItemProxy;
			containerPortal = C06C3A932DB526FB00506064 /* Project object */;
			proxyType = 1;
			remoteGlobalIDString = C06C3A9A2DB526FB00506064;
			remoteInfo = Autostream;
		};
		C06C3AB32DB526FC00506064 /* PBXContainerItemProxy */ = {
			isa = PBXContainerItemProxy;
			containerPortal = C06C3A932DB526FB00506064 /* Project object */;
			proxyType = 1;
			remoteGlobalIDString = C06C3A9A2DB526FB00506064;
			remoteInfo = Autostream;
		};
/* End PBXContainerItemProxy section */

/* Begin PBXFileReference section */
		C06C3A9B2DB526FB00506064 /* Autostream.app */ = {isa = PBXFileReference; explicitFileType = wrapper.application; includeInIndex = 0; path = Autostream.app; sourceTree = BUILT_PRODUCTS_DIR; };
		C06C3AA82DB526FC00506064 /* AutostreamTests.xctest */ = {isa = PBXFileReference; explicitFileType = wrapper.cfbundle; includeInIndex = 0; path = AutostreamTests.xctest; sourceTree = BUILT_PRODUCTS_DIR; };
		C06C3AB22DB526FC00506064 /* AutostreamUITests.xctest */ = {isa = PBXFileReference; explicitFileType = wrapper.cfbundle; includeInIndex = 0; path = AutostreamUITests.xctest; sourceTree = BUILT_PRODUCTS_DIR; };

		D22222222222222222222222 /* AutostreamApp.swift */ = {isa = PBXFileReference; lastKnownFileType = sourcecode.swift; path = Autostream/AutostreamApp.swift; sourceTree = "<group>"; };
		D33333333333333333333333 /* ContentView.swift */ = {isa = PBXFileReference; lastKnownFileType = sourcecode.swift; path = Autostream/ContentView.swift; sourceTree = "<group>"; };
		D44444444444444444444444 /* StreamViewModel.swift */ = {isa = PBXFileReference; lastKnownFileType = sourcecode.swift; path = Autostream/StreamViewModel.swift; sourceTree = "<group>"; };
		D55555555555555555555555 /* AppConfig.swift */ = {isa = PBXFileReference; lastKnownFileType = sourcecode.swift; path = Autostream/AppConfig.swift; sourceTree = "<group>"; };
		D66666666666666666666666 /* SettingsView.swift */ = {isa = PBXFileReference; lastKnownFileType = sourcecode.swift; path = Autostream/SettingsView.swift; sourceTree = "<group>"; };
		D77777777777777777777777 /* OnChangeOld.swift */ = {isa = PBXFileReference; lastKnownFileType = sourcecode.swift; path = Autostream/OnChangeOld.swift; sourceTree = "<group>"; };

		D99999999999999999999999 /* Assets.xcassets */ = {isa = PBXFileReference; lastKnownFileType = folder.assetcatalog; name = Assets.xcassets; path = Autostream/Assets.xcassets; sourceTree = "<group>"; };
/* End PBXFileReference section */

/* Begin PBXFileSystemSynchronizedRootGroup section */
		C06C3AAB2DB526FC00506064 /* AutostreamTests */ = {
			isa = PBXFileSystemSynchronizedRootGroup;
			path = AutostreamTests;
			sourceTree = "<group>";
		};
		C06C3AB52DB526FC00506064 /* AutostreamUITests */ = {
			isa = PBXFileSystemSynchronizedRootGroup;
			path = AutostreamUITests;
			sourceTree = "<group>";
		};
/* End PBXFileSystemSynchronizedRootGroup section */

/* Begin PBXFrameworksBuildPhase section */
		C06C3A982DB526FB00506064 /* Frameworks */ = {
			isa = PBXFrameworksBuildPhase;
			buildActionMask = 2147483647;
			files = (
			);
			runOnlyForDeploymentPostprocessing = 0;
		};
		C06C3AA52DB526FC00506064 /* Frameworks */ = {
			isa = PBXFrameworksBuildPhase;
			buildActionMask = 2147483647;
			files = (
			);
			runOnlyForDeploymentPostprocessing = 0;
		};
		C06C3AAF2DB526FC00506064 /* Frameworks */ = {
			isa = PBXFrameworksBuildPhase;
			buildActionMask = 2147483647;
			files = (
			);
			runOnlyForDeploymentPostprocessing = 0;
		};
/* End PBXFrameworksBuildPhase section */

/* Begin PBXGroup section */
		C06C3A922DB526FB00506064 = {
			isa = PBXGroup;
			children = (
				C06C3AAB2DB526FC00506064 /* AutostreamTests */,
				C06C3AB52DB526FC00506064 /* AutostreamUITests */,
				C06C3A9C2DB526FB00506064 /* Products */,
				D11111111111111111111111 /* Autostream */,
			);
			sourceTree = "<group>";
		};
		D11111111111111111111111 /* Autostream */ = {
			isa = PBXGroup;
			children = (
				D22222222222222222222222 /* AutostreamApp.swift */,
				D33333333333333333333333 /* ContentView.swift */,
				D44444444444444444444444 /* StreamViewModel.swift */,
				D55555555555555555555555 /* AppConfig.swift */,
				D66666666666666666666666 /* SettingsView.swift */,
				D77777777777777777777777 /* OnChangeOld.swift */,
				D99999999999999999999999 /* Assets.xcassets */,
			);
			name = Autostream;
			sourceTree = "<group>";
		};
		C06C3A9C2DB526FB00506064 /* Products */ = {
			isa = PBXGroup;
			children = (
				C06C3A9B2DB526FB00506064 /* Autostream.app */,
				C06C3AA82DB526FC00506064 /* AutostreamTests.xctest */,
				C06C3AB22DB526FC00506064 /* AutostreamUITests.xctest */,
			);
			name = Products;
			sourceTree = "<group>";
		};
/* End PBXGroup section */

/* Begin PBXNativeTarget section */
		C06C3A9A2DB526FB00506064 /* Autostream */ = {
			isa = PBXNativeTarget;
			buildConfigurationList = C06C3ABC2DB526FC00506064 /* Build configuration list for PBXNativeTarget "Autostream" */;
			buildPhases = (
				C06C3A972DB526FB00506064 /* Sources */,
				C06C3A982DB526FB00506064 /* Frameworks */,
				C06C3A992DB526FB00506064 /* Resources */,
			);
			buildRules = (
			);
			dependencies = (
			);
			name = Autostream;
			packageProductDependencies = (
			);
			productName = Autostream;
			productReference = C06C3A9B2DB526FB00506064 /* Autostream.app */;
			productType = "com.apple.product-type.application";
		};
		C06C3AA72DB526FC00506064 /* AutostreamTests */ = {
			isa = PBXNativeTarget;
			buildConfigurationList = C06C3ABF2DB526FC00506064 /* Build configuration list for PBXNativeTarget "AutostreamTests" */;
			buildPhases = (
				C06C3AA42DB526FC00506064 /* Sources */,
				C06C3AA52DB526FC00506064 /* Frameworks */,
				C06C3AA62DB526FC00506064 /* Resources */,
			);
			buildRules = (
			);
			dependencies = (
				C06C3AAA2DB526FC00506064 /* PBXTargetDependency */,
			);
			fileSystemSynchronizedGroups = (
				C06C3AAB2DB526FC00506064 /* AutostreamTests */,
			);
			name = AutostreamTests;
			packageProductDependencies = (
			);
			productName = AutostreamTests;
			productReference = C06C3AA82DB526FC00506064 /* AutostreamTests.xctest */;
			productType = "com.apple.product-type.bundle.unit-test";
		};
		C06C3AB12DB526FC00506064 /* AutostreamUITests */ = {
			isa = PBXNativeTarget;
			buildConfigurationList = C06C3AC22DB526FC00506064 /* Build configuration list for PBXNativeTarget "AutostreamUITests" */;
			buildPhases = (
				C06C3AAE2DB526FC00506064 /* Sources */,
				C06C3AAF2DB526FC00506064 /* Frameworks */,
				C06C3AB02DB526FC00506064 /* Resources */,
			);
			buildRules = (
			);
			dependencies = (
				C06C3AB42DB526FC00506064 /* PBXTargetDependency */,
			);
			fileSystemSynchronizedGroups = (
				C06C3AB52DB526FC00506064 /* AutostreamUITests */,
			);
			name = AutostreamUITests;
			packageProductDependencies = (
			);
			productName = AutostreamUITests;
			productReference = C06C3AB22DB526FC00506064 /* AutostreamUITests.xctest */;
			productType = "com.apple.product-type.bundle.ui-testing";
		};
/* End PBXNativeTarget section */

/* Begin PBXProject section */
		C06C3A932DB526FB00506064 /* Project object */ = {
			isa = PBXProject;
			attributes = {
				BuildIndependentTargetsInParallel = 1;
				LastSwiftUpdateCheck = 1630;
				LastUpgradeCheck = 1630;
				TargetAttributes = {
					C06C3A9A2DB526FB00506064 = {
						CreatedOnToolsVersion = 16.3;
					};
					C06C3AA72DB526FC00506064 = {
						CreatedOnToolsVersion = 16.3;
						TestTargetID = C06C3A9A2DB526FB00506064;
					};
					C06C3AB12DB526FC00506064 = {
						CreatedOnToolsVersion = 16.3;
						TestTargetID = C06C3A9A2DB526FB00506064;
					};
				};
			};
			buildConfigurationList = C06C3A962DB526FB00506064 /* Build configuration list for PBXProject "Autostream" */;
			developmentRegion = en;
			hasScannedForEncodings = 0;
			knownRegions = (
				en,
				Base,
			);
			mainGroup = C06C3A922DB526FB00506064;
			minimizedProjectReferenceProxies = 1;
			preferredProjectObjectVersion = 77;
			productRefGroup = C06C3A9C2DB526FB00506064 /* Products */;
			projectDirPath = "";
			projectRoot = "";
			targets = (
				C06C3A9A2DB526FB00506064 /* Autostream */,
				C06C3AA72DB526FC00506064 /* AutostreamTests */,
				C06C3AB12DB526FC00506064 /* AutostreamUITests */,
			);
		};
/* End PBXProject section */

/* Begin PBXResourcesBuildPhase section */
		C06C3A992DB526FB00506064 /* Resources */ = {
			isa = PBXResourcesBuildPhase;
			buildActionMask = 2147483647;
			files = (
			);
			runOnlyForDeploymentPostprocessing = 0;
		};
		C06C3AA62DB526FC00506064 /* Resources */ = {
			isa = PBXResourcesBuildPhase;
			buildActionMask = 2147483647;
			files = (
			);
			runOnlyForDeploymentPostprocessing = 0;
		};
		C06C3AB02DB526FC00506064 /* Resources */ = {
			isa = PBXResourcesBuildPhase;
			buildActionMask = 2147483647;
			files = (
			);
			runOnlyForDeploymentPostprocessing = 0;
		};
/* End PBXResourcesBuildPhase section */

/* Begin PBXSourcesBuildPhase section */
		C06C3A972DB526FB00506064 /* Sources */ = {
			isa = PBXSourcesBuildPhase;
			buildActionMask = 2147483647;
			files = (
				E22222222222222222222222 /* AutostreamApp.swift in Sources */,
				E33333333333333333333333 /* ContentView.swift in Sources */,
				E44444444444444444444444 /* StreamViewModel.swift in Sources */,
				E55555555555555555555555 /* AppConfig.swift in Sources */,
				E66666666666666666666666 /* SettingsView.swift in Sources */,
				E77777777777777777777777 /* OnChangeOld.swift in Sources */,
			);
			runOnlyForDeploymentPostprocessing = 0;
		};
		C06C3AA42DB526FC00506064 /* Sources */ = {
			isa = PBXSourcesBuildPhase;
			buildActionMask = 2147483647;
			files = (
			);
			runOnlyForDeploymentPostprocessing = 0;
		};
		C06C3AAE2DB526FC00506064 /* Sources */ = {
			isa = PBXSourcesBuildPhase;
			buildActionMask = 2147483647;
			files = (
			);
			runOnlyForDeploymentPostprocessing = 0;
		};
/* End PBXSourcesBuildPhase section */

/* Begin PBXBuildFile section */
		E22222222222222222222222 /* AutostreamApp.swift in Sources */ = {isa = PBXBuildFile; fileRef = D22222222222222222222222 /* AutostreamApp.swift */; };
		E33333333333333333333333 /* ContentView.swift in Sources */ = {isa = PBXBuildFile; fileRef = D33333333333333333333333 /* ContentView.swift */; };
		E44444444444444444444444 /* StreamViewModel.swift in Sources */ = {isa = PBXBuildFile; fileRef = D44444444444444444444444 /* StreamViewModel.swift */; };
		E55555555555555555555555 /* AppConfig.swift in Sources */ = {isa = PBXBuildFile; fileRef = D55555555555555555555555 /* AppConfig.swift */; };
		E66666666666666666666666 /* SettingsView.swift in Sources */ = {isa = PBXBuildFile; fileRef = D66666666666666666666666 /* SettingsView.swift */; };
		E77777777777777777777777 /* OnChangeOld.swift in Sources */ = {isa = PBXBuildFile; fileRef = D77777777777777777777777 /* OnChangeOld.swift */; };
/* End PBXBuildFile section */

/* Begin PBXTargetDependency section */
		C06C3AAA2DB526FC00506064 /* PBXTargetDependency */ = {
			isa = PBXTargetDependency;
			target = C06C3A9A2DB526FB00506064 /* Autostream */;
			targetProxy = C06C3AA92DB526FC00506064 /* PBXContainerItemProxy */;
		};
		C06C3AB42DB526FC00506064 /* PBXTargetDependency */ = {
			isa = PBXTargetDependency;
			target = C06C3A9A2DB526FB00506064 /* Autostream */;
			targetProxy = C06C3AB32DB526FC00506064 /* PBXContainerItemProxy */;
		};
/* End PBXTargetDependency section */

/* Begin XCBuildConfiguration section */
		C06C3ABA2DB526FC00506064 /* Debug */ = {
			isa = XCBuildConfiguration;
			buildSettings = {
				ALWAYS_SEARCH_USER_PATHS = NO;
				ASSETCATALOG_COMPILER_GENERATE_SWIFT_ASSET_SYMBOL_EXTENSIONS = YES;
				CLANG_ANALYZER_NONNULL = YES;
				CLANG_ANALYZER_NUMBER_OBJECT_CONVERSION = YES_AGGRESSIVE;
				CLANG_CXX_LANGUAGE_STANDARD = "gnu++20";
				CLANG_ENABLE_MODULES = YES;
				CLANG_ENABLE_OBJC_ARC = YES;
				CLANG_ENABLE_OBJC_WEAK = YES;
				CLANG_WARN_BLOCK_CAPTURE_AUTORELEASING = YES;
				CLANG_WARN_BOOL_CONVERSION = YES;
				CLANG_WARN_COMMA = YES;
				CLANG_WARN_CONSTANT_CONVERSION = YES;
				CLANG_WARN_DEPRECATED_OBJC_IMPLEMENTATIONS = YES;
				CLANG_WARN_DIRECT_OBJC_ISA_USAGE = YES_ERROR;
				CLANG_WARN_DOCUMENTATION_COMMENTS = YES;
				CLANG_WARN_EMPTY_BODY = YES;
				CLANG_WARN_ENUM_CONVERSION = YES;
				CLANG_WARN_INFINITE_RECURSION = YES;
				CLANG_WARN_INT_CONVERSION = YES;
				CLANG_WARN_NON_LITERAL_NULL_CONVERSION = YES;
				CLANG_WARN_OBJC_IMPLICIT_RETAIN_SELF = YES;
				CLANG_WARN_OBJC_LITERAL_CONVERSION = YES;
				CLANG_WARN_OBJC_ROOT_CLASS = YES_ERROR;
				CLANG_WARN_QUOTED_INCLUDE_IN_FRAMEWORK_HEADER = YES;
				CLANG_WARN_RANGE_LOOP_ANALYSIS = YES;
				CLANG_WARN_STRICT_PROTOTYPES = YES;
				CLANG_WARN_SUSPICIOUS_MOVE = YES;
				CLANG_WARN_UNGUARDED_AVAILABILITY = YES_AGGRESSIVE;
				CLANG_WARN_UNREACHABLE_CODE = YES;
				CLANG_WARN__DUPLICATE_METHOD_MATCH = YES;
				COPY_PHASE_STRIP = NO;
				DEBUG_INFORMATION_FORMAT = dwarf;
				ENABLE_STRICT_OBJC_MSGSEND = YES;
				ENABLE_TESTABILITY = YES;
				ENABLE_USER_SCRIPT_SANDBOXING = YES;
				GCC_C_LANGUAGE_STANDARD = gnu17;
				GCC_DYNAMIC_NO_PIC = NO;
				GCC_NO_COMMON_BLOCKS = YES;
				GCC_OPTIMIZATION_LEVEL = 0;
				GCC_PREPROCESSOR_DEFINITIONS = (
					"DEBUG=1",
					"$(inherited)",
				);
				GCC_WARN_64_TO_32_BIT_CONVERSION = YES;
				GCC_WARN_ABOUT_RETURN_TYPE = YES_ERROR;
				GCC_WARN_UNDECLARED_SELECTOR = YES;
				GCC_WARN_UNINITIALIZED_AUTOS = YES_AGGRESSIVE;
				GCC_WARN_UNUSED_FUNCTION = YES;
				GCC_WARN_UNUSED_VARIABLE = YES;
				LOCALIZATION_PREFERS_STRING_CATALOGS = YES;
				MTL_ENABLE_DEBUG_INFO = INCLUDE_SOURCE;
				MTL_FAST_MATH = YES;
				ONLY_ACTIVE_ARCH = YES;
				SDKROOT = appletvos;
				SWIFT_ACTIVE_COMPILATION_CONDITIONS = "DEBUG $(inherited)";
				SWIFT_OPTIMIZATION_LEVEL = "-Onone";
				TVOS_DEPLOYMENT_TARGET = 18.4;
			};
			name = Debug;
		};
		C06C3ABB2DB526FC00506064 /* Release */ = {
			isa = XCBuildConfiguration;
			buildSettings = {
				ALWAYS_SEARCH_USER_PATHS = NO;
				ASSETCATALOG_COMPILER_GENERATE_SWIFT_ASSET_SYMBOL_EXTENSIONS = YES;
				CLANG_ANALYZER_NONNULL = YES;
				CLANG_ANALYZER_NUMBER_OBJECT_CONVERSION = YES_AGGRESSIVE;
				CLANG_CXX_LANGUAGE_STANDARD = "gnu++20";
				CLANG_ENABLE_MODULES = YES;
				CLANG_ENABLE_OBJC_ARC = YES;
				CLANG_ENABLE_OBJC_WEAK = YES;
				CLANG_WARN_BLOCK_CAPTURE_AUTORELEASING = YES;
				CLANG_WARN_BOOL_CONVERSION = YES;
				CLANG_WARN_COMMA = YES;
				CLANG_WARN_CONSTANT_CONVERSION = YES;
				CLANG_WARN_DEPRECATED_OBJC_IMPLEMENTATIONS = YES;
				CLANG_WARN_DIRECT_OBJC_ISA_USAGE = YES_ERROR;
				CLANG_WARN_DOCUMENTATION_COMMENTS = YES;
				CLANG_WARN_EMPTY_BODY = YES;
				CLANG_WARN_ENUM_CONVERSION = YES;
				CLANG_WARN_INFINITE_RECURSION = YES;
				CLANG_WARN_INT_CONVERSION = YES;
				CLANG_WARN_NON_LITERAL_NULL_CONVERSION = YES;
				CLANG_WARN_OBJC_IMPLICIT_RETAIN_SELF = YES;
				CLANG_WARN_OBJC_LITERAL_CONVERSION = YES;
				CLANG_WARN_OBJC_ROOT_CLASS = YES_ERROR;
				CLANG_WARN_QUOTED_INCLUDE_IN_FRAMEWORK_HEADER = YES;
				CLANG_WARN_RANGE_LOOP_ANALYSIS = YES;
				CLANG_WARN_STRICT_PROTOTYPES = YES;
				CLANG_WARN_SUSPICIOUS_MOVE = YES;
				CLANG_WARN_UNGUARDED_AVAILABILITY = YES_AGGRESSIVE;
				CLANG_WARN_UNREACHABLE_CODE = YES;
				CLANG_WARN__DUPLICATE_METHOD_MATCH = YES;
				COPY_PHASE_STRIP = NO;
				DEBUG_INFORMATION_FORMAT = "dwarf-with-dsym";
				ENABLE_NS_ASSERTIONS = NO;
				ENABLE_STRICT_OBJC_MSGSEND = YES;
				ENABLE_USER_SCRIPT_SANDBOXING = YES;
				GCC_C_LANGUAGE_STANDARD = gnu17;
				GCC_NO_COMMON_BLOCKS = YES;
				GCC_WARN_64_TO_32_BIT_CONVERSION = YES;
				GCC_WARN_ABOUT_RETURN_TYPE = YES_ERROR;
				GCC_WARN_UNDECLARED_SELECTOR = YES;
				GCC_WARN_UNINITIALIZED_AUTOS = YES_AGGRESSIVE;
				GCC_WARN_UNUSED_FUNCTION = YES;
				GCC_WARN_UNUSED_VARIABLE = YES;
				LOCALIZATION_PREFERS_STRING_CATALOGS = YES;
				MTL_ENABLE_DEBUG_INFO = NO;
				MTL_FAST_MATH = YES;
				SDKROOT = appletvos;
				SWIFT_COMPILATION_MODE = wholemodule;
				TVOS_DEPLOYMENT_TARGET = 18.4;
				VALIDATE_PRODUCT = YES;
			};
			name = Release;
		};
		C06C3ABD2DB526FC00506064 /* Debug */ = {
			isa = XCBuildConfiguration;
			buildSettings = {
				ASSETCATALOG_COMPILER_APPICON_NAME = "App Icon & Top Shelf Image";
				ASSETCATALOG_COMPILER_GLOBAL_ACCENT_COLOR_NAME = AccentColor;
				CODE_SIGN_STYLE = Automatic;
				CURRENT_PROJECT_VERSION = 1;
				ENABLE_PREVIEWS = YES;
				GENERATE_INFOPLIST_FILE = YES;
				INFOPLIST_KEY_CFBundleDisplayName = Autostream;
				INFOPLIST_KEY_LSApplicationCategoryType = "public.app-category.video";
				INFOPLIST_KEY_UILaunchScreen_Generation = YES;
				INFOPLIST_KEY_UIUserInterfaceStyle = Automatic;
				LD_RUNPATH_SEARCH_PATHS = (
					"$(inherited)",
					"@executable_path/Frameworks",
				);
				MARKETING_VERSION = 0.1;
				PRODUCT_BUNDLE_IDENTIFIER = edu.princeton.orfe.Autostream;
				PRODUCT_NAME = "$(TARGET_NAME)";
				SWIFT_EMIT_LOC_STRINGS = YES;
				SWIFT_VERSION = 5.0;
				TARGETED_DEVICE_FAMILY = 3;
			};
			name = Debug;
		};
		C06C3ABE2DB526FC00506064 /* Release */ = {
			isa = XCBuildConfiguration;
			buildSettings = {
				ASSETCATALOG_COMPILER_APPICON_NAME = "App Icon & Top Shelf Image";
				ASSETCATALOG_COMPILER_GLOBAL_ACCENT_COLOR_NAME = AccentColor;
				CODE_SIGN_STYLE = Automatic;
				CURRENT_PROJECT_VERSION = 1;
				ENABLE_PREVIEWS = YES;
				GENERATE_INFOPLIST_FILE = YES;
				INFOPLIST_KEY_CFBundleDisplayName = Autostream;
				INFOPLIST_KEY_LSApplicationCategoryType = "public.app-category.video";
				INFOPLIST_KEY_UILaunchScreen_Generation = YES;
				INFOPLIST_KEY_UIUserInterfaceStyle = Automatic;
				LD_RUNPATH_SEARCH_PATHS = (
					"$(inherited)",
					"@executable_path/Frameworks",
				);
				MARKETING_VERSION = 0.1;
				PRODUCT_BUNDLE_IDENTIFIER = edu.princeton.orfe.Autostream;
				PRODUCT_NAME = "$(TARGET_NAME)";
				SWIFT_EMIT_LOC_STRINGS = YES;
				SWIFT_VERSION = 5.0;
				TARGETED_DEVICE_FAMILY = 3;
			};
			name = Release;
		};
		C06C3AC02DB526FC00506064 /* Debug */ = {
			isa = XCBuildConfiguration;
			buildSettings = {
				BUNDLE_LOADER = "$(TEST_HOST)";
				CODE_SIGN_STYLE = Automatic;
				CURRENT_PROJECT_VERSION = 1;
				GENERATE_INFOPLIST_FILE = YES;
				MARKETING_VERSION = 1.0;
				PRODUCT_BUNDLE_IDENTIFIER = edu.princeton.orfe.AutostreamTests;
				PRODUCT_NAME = "$(TARGET_NAME)";
				SWIFT_EMIT_LOC_STRINGS = NO;
				SWIFT_VERSION = 5.0;
				TARGETED_DEVICE_FAMILY = 3;
				TEST_HOST = "$(BUILT_PRODUCTS_DIR)/Autostream.app/$(BUNDLE_EXECUTABLE_FOLDER_PATH)/Autostream";
				TVOS_DEPLOYMENT_TARGET = 18.4;
			};
			name = Debug;
		};
		C06C3AC12DB526FC00506064 /* Release */ = {
			isa = XCBuildConfiguration;
			buildSettings = {
				BUNDLE_LOADER = "$(TEST_HOST)";
				CODE_SIGN_STYLE = Automatic;
				CURRENT_PROJECT_VERSION = 1;
				GENERATE_INFOPLIST_FILE = YES;
				MARKETING_VERSION = 1.0;
				PRODUCT_BUNDLE_IDENTIFIER = edu.princeton.orfe.AutostreamTests;
				PRODUCT_NAME = "$(TARGET_NAME)";
				SWIFT_EMIT_LOC_STRINGS = NO;
				SWIFT_VERSION = 5.0;
				TARGETED_DEVICE_FAMILY = 3;
				TEST_HOST = "$(BUILT_PRODUCTS_DIR)/Autostream.app/$(BUNDLE_EXECUTABLE_FOLDER_PATH)/Autostream";
				TVOS_DEPLOYMENT_TARGET = 18.4;
			};
			name = Release;
		};
		C06C3AC32DB526FC00506064 /* Debug */ = {
			isa = XCBuildConfiguration;
			buildSettings = {
				CODE_SIGN_STYLE = Automatic;
				CURRENT_PROJECT_VERSION = 1;
				GENERATE_INFOPLIST_FILE = YES;
				MARKETING_VERSION = 1.0;
				PRODUCT_BUNDLE_IDENTIFIER = edu.princeton.orfe.AutostreamUITests;
				PRODUCT_NAME = "$(TARGET_NAME)";
				SWIFT_EMIT_LOC_STRINGS = NO;
				SWIFT_VERSION = 5.0;
				TARGETED_DEVICE_FAMILY = 3;
				TEST_TARGET_NAME = Autostream;
			};
			name = Debug;
		};
		C06C3AC42DB526FC00506064 /* Release */ = {
			isa = XCBuildConfiguration;
			buildSettings = {
				CODE_SIGN_STYLE = Automatic;
				CURRENT_PROJECT_VERSION = 1;
				GENERATE_INFOPLIST_FILE = YES;
				MARKETING_VERSION = 1.0;
				PRODUCT_BUNDLE_IDENTIFIER = edu.princeton.orfe.AutostreamUITests;
				PRODUCT_NAME = "$(TARGET_NAME)";
				SWIFT_EMIT_LOC_STRINGS = NO;
				SWIFT_VERSION = 5.0;
				TARGETED_DEVICE_FAMILY = 3;
				TEST_TARGET_NAME = Autostream;
			};
			name = Release;
		};
/* End XCBuildConfiguration section */

/* Begin XCConfigurationList section */
		C06C3A962DB526FB00506064 /* Build configuration list for PBXProject "Autostream" */ = {
			isa = XCConfigurationList;
			buildConfigurations = (
				C06C3ABA2DB526FC00506064 /* Debug */,
				C06C3ABB2DB526FC00506064 /* Release */,
			);
			defaultConfigurationIsVisible = 0;
			defaultConfigurationName = Release;
		};
		C06C3ABC2DB526FC00506064 /* Build configuration list for PBXNativeTarget "Autostream" */ = {
			isa = XCConfigurationList;
			buildConfigurations = (
				C06C3ABD2DB526FC00506064 /* Debug */,
				C06C3ABE2DB526FC00506064 /* Release */,
			);
			defaultConfigurationIsVisible = 0;
			defaultConfigurationName = Release;
		};
		C06C3ABF2DB526FC00506064 /* Build configuration list for PBXNativeTarget "AutostreamTests" */ = {
			isa = XCConfigurationList;
			buildConfigurations = (
				C06C3AC02DB526FC00506064 /* Debug */,
				C06C3AC12DB526FC00506064 /* Release */,
			);
			defaultConfigurationIsVisible = 0;
			defaultConfigurationName = Release;
		};
		C06C3AC22DB526FC00506064 /* Build configuration list for PBXNativeTarget "AutostreamUITests" */ = {
			isa = XCConfigurationList;
			buildConfigurations = (
				C06C3AC32DB526FC00506064 /* Debug */,
				C06C3AC42DB526FC00506064 /* Release */,
			);
			defaultConfigurationIsVisible = 0;
			defaultConfigurationName = Release;
		};
/* End XCConfigurationList section */
	};
	rootObject = C06C3A932DB526FB00506064 /* Project object */;
}
